// !$*UTF8*$!
{
	archiveVersion = 1;
	classes = {
	};
	objectVersion = 50;
	objects = {

/* Begin PBXBuildFile section */
		165F2ADA227E478E00BCF2CB /* AppDelegate.swift in Sources */ = {isa = PBXBuildFile; fileRef = 165F2AD9227E478E00BCF2CB /* AppDelegate.swift */; };
		165F2ADC227E478E00BCF2CB /* ViewController.swift in Sources */ = {isa = PBXBuildFile; fileRef = 165F2ADB227E478E00BCF2CB /* ViewController.swift */; };
		165F2ADF227E478E00BCF2CB /* Main.storyboard in Resources */ = {isa = PBXBuildFile; fileRef = 165F2ADD227E478E00BCF2CB /* Main.storyboard */; };
		165F2AE1227E478F00BCF2CB /* Assets.xcassets in Resources */ = {isa = PBXBuildFile; fileRef = 165F2AE0227E478F00BCF2CB /* Assets.xcassets */; };
		165F2AE4227E478F00BCF2CB /* LaunchScreen.storyboard in Resources */ = {isa = PBXBuildFile; fileRef = 165F2AE2227E478F00BCF2CB /* LaunchScreen.storyboard */; };
		165F2AEF227E478F00BCF2CB /* OverviewTests.swift in Sources */ = {isa = PBXBuildFile; fileRef = 165F2AEE227E478F00BCF2CB /* OverviewTests.swift */; };
		165F2AFA227E478F00BCF2CB /* OverviewUITests.swift in Sources */ = {isa = PBXBuildFile; fileRef = 165F2AF9227E478F00BCF2CB /* OverviewUITests.swift */; };
/* End PBXBuildFile section */

/* Begin PBXContainerItemProxy section */
		165F2AEB227E478F00BCF2CB /* PBXContainerItemProxy */ = {
			isa = PBXContainerItemProxy;
			containerPortal = 165F2ACE227E478E00BCF2CB /* Project object */;
			proxyType = 1;
			remoteGlobalIDString = 165F2AD5227E478E00BCF2CB;
			remoteInfo = Overview;
		};
		165F2AF6227E478F00BCF2CB /* PBXContainerItemProxy */ = {
			isa = PBXContainerItemProxy;
			containerPortal = 165F2ACE227E478E00BCF2CB /* Project object */;
			proxyType = 1;
			remoteGlobalIDString = 165F2AD5227E478E00BCF2CB;
			remoteInfo = Overview;
		};
/* End PBXContainerItemProxy section */

/* Begin PBXFileReference section */
		165F2AD6227E478E00BCF2CB /* Overview.app */ = {isa = PBXFileReference; explicitFileType = wrapper.application; includeInIndex = 0; path = Overview.app; sourceTree = BUILT_PRODUCTS_DIR; };
		165F2AD9227E478E00BCF2CB /* AppDelegate.swift */ = {isa = PBXFileReference; lastKnownFileType = sourcecode.swift; path = AppDelegate.swift; sourceTree = "<group>"; };
		165F2ADB227E478E00BCF2CB /* ViewController.swift */ = {isa = PBXFileReference; lastKnownFileType = sourcecode.swift; path = ViewController.swift; sourceTree = "<group>"; };
		165F2ADE227E478E00BCF2CB /* Base */ = {isa = PBXFileReference; lastKnownFileType = file.storyboard; name = Base; path = Base.lproj/Main.storyboard; sourceTree = "<group>"; };
		165F2AE0227E478F00BCF2CB /* Assets.xcassets */ = {isa = PBXFileReference; lastKnownFileType = folder.assetcatalog; path = Assets.xcassets; sourceTree = "<group>"; };
		165F2AE3227E478F00BCF2CB /* Base */ = {isa = PBXFileReference; lastKnownFileType = file.storyboard; name = Base; path = Base.lproj/LaunchScreen.storyboard; sourceTree = "<group>"; };
		165F2AE5227E478F00BCF2CB /* Info.plist */ = {isa = PBXFileReference; lastKnownFileType = text.plist.xml; path = Info.plist; sourceTree = "<group>"; };
		165F2AEA227E478F00BCF2CB /* OverviewTests.xctest */ = {isa = PBXFileReference; explicitFileType = wrapper.cfbundle; includeInIndex = 0; path = OverviewTests.xctest; sourceTree = BUILT_PRODUCTS_DIR; };
		165F2AEE227E478F00BCF2CB /* OverviewTests.swift */ = {isa = PBXFileReference; lastKnownFileType = sourcecode.swift; path = OverviewTests.swift; sourceTree = "<group>"; };
		165F2AF0227E478F00BCF2CB /* Info.plist */ = {isa = PBXFileReference; lastKnownFileType = text.plist.xml; path = Info.plist; sourceTree = "<group>"; };
		165F2AF5227E478F00BCF2CB /* OverviewUITests.xctest */ = {isa = PBXFileReference; explicitFileType = wrapper.cfbundle; includeInIndex = 0; path = OverviewUITests.xctest; sourceTree = BUILT_PRODUCTS_DIR; };
		165F2AF9227E478F00BCF2CB /* OverviewUITests.swift */ = {isa = PBXFileReference; lastKnownFileType = sourcecode.swift; path = OverviewUITests.swift; sourceTree = "<group>"; };
		165F2AFB227E478F00BCF2CB /* Info.plist */ = {isa = PBXFileReference; lastKnownFileType = text.plist.xml; path = Info.plist; sourceTree = "<group>"; };
/* End PBXFileReference section */

/* Begin PBXFrameworksBuildPhase section */
		165F2AD3227E478E00BCF2CB /* Frameworks */ = {
			isa = PBXFrameworksBuildPhase;
			buildActionMask = 2147483647;
			files = (
			);
			runOnlyForDeploymentPostprocessing = 0;
		};
		165F2AE7227E478F00BCF2CB /* Frameworks */ = {
			isa = PBXFrameworksBuildPhase;
			buildActionMask = 2147483647;
			files = (
			);
			runOnlyForDeploymentPostprocessing = 0;
		};
		165F2AF2227E478F00BCF2CB /* Frameworks */ = {
			isa = PBXFrameworksBuildPhase;
			buildActionMask = 2147483647;
			files = (
			);
			runOnlyForDeploymentPostprocessing = 0;
		};
/* End PBXFrameworksBuildPhase section */

/* Begin PBXGroup section */
		165F2ACD227E478E00BCF2CB = {
			isa = PBXGroup;
			children = (
				165F2AD8227E478E00BCF2CB /* Overview */,
				165F2AED227E478F00BCF2CB /* OverviewTests */,
				165F2AF8227E478F00BCF2CB /* OverviewUITests */,
				165F2AD7227E478E00BCF2CB /* Products */,
			);
			sourceTree = "<group>";
		};
		165F2AD7227E478E00BCF2CB /* Products */ = {
			isa = PBXGroup;
			children = (
				165F2AD6227E478E00BCF2CB /* Overview.app */,
				165F2AEA227E478F00BCF2CB /* OverviewTests.xctest */,
				165F2AF5227E478F00BCF2CB /* OverviewUITests.xctest */,
			);
			name = Products;
			sourceTree = "<group>";
		};
		165F2AD8227E478E00BCF2CB /* Overview */ = {
			isa = PBXGroup;
			children = (
				165F2AD9227E478E00BCF2CB /* AppDelegate.swift */,
				165F2ADB227E478E00BCF2CB /* ViewController.swift */,
				165F2ADD227E478E00BCF2CB /* Main.storyboard */,
				165F2AE0227E478F00BCF2CB /* Assets.xcassets */,
				165F2AE2227E478F00BCF2CB /* LaunchScreen.storyboard */,
				165F2AE5227E478F00BCF2CB /* Info.plist */,
			);
			path = Overview;
			sourceTree = "<group>";
		};
		165F2AED227E478F00BCF2CB /* OverviewTests */ = {
			isa = PBXGroup;
			children = (
				165F2AEE227E478F00BCF2CB /* OverviewTests.swift */,
				165F2AF0227E478F00BCF2CB /* Info.plist */,
			);
			path = OverviewTests;
			sourceTree = "<group>";
		};
		165F2AF8227E478F00BCF2CB /* OverviewUITests */ = {
			isa = PBXGroup;
			children = (
				165F2AF9227E478F00BCF2CB /* OverviewUITests.swift */,
				165F2AFB227E478F00BCF2CB /* Info.plist */,
			);
			path = OverviewUITests;
			sourceTree = "<group>";
		};
/* End PBXGroup section */

/* Begin PBXNativeTarget section */
		165F2AD5227E478E00BCF2CB /* Overview */ = {
			isa = PBXNativeTarget;
			buildConfigurationList = 165F2AFE227E478F00BCF2CB /* Build configuration list for PBXNativeTarget "Overview" */;
			buildPhases = (
				165F2AD2227E478E00BCF2CB /* Sources */,
				165F2AD3227E478E00BCF2CB /* Frameworks */,
				165F2AD4227E478E00BCF2CB /* Resources */,
			);
			buildRules = (
			);
			dependencies = (
			);
			name = Overview;
			productName = Overview;
			productReference = 165F2AD6227E478E00BCF2CB /* Overview.app */;
			productType = "com.apple.product-type.application";
		};
		165F2AE9227E478F00BCF2CB /* OverviewTests */ = {
			isa = PBXNativeTarget;
			buildConfigurationList = 165F2B01227E478F00BCF2CB /* Build configuration list for PBXNativeTarget "OverviewTests" */;
			buildPhases = (
				165F2AE6227E478F00BCF2CB /* Sources */,
				165F2AE7227E478F00BCF2CB /* Frameworks */,
				165F2AE8227E478F00BCF2CB /* Resources */,
			);
			buildRules = (
			);
			dependencies = (
				165F2AEC227E478F00BCF2CB /* PBXTargetDependency */,
			);
			name = OverviewTests;
			productName = OverviewTests;
			productReference = 165F2AEA227E478F00BCF2CB /* OverviewTests.xctest */;
			productType = "com.apple.product-type.bundle.unit-test";
		};
		165F2AF4227E478F00BCF2CB /* OverviewUITests */ = {
			isa = PBXNativeTarget;
			buildConfigurationList = 165F2B04227E478F00BCF2CB /* Build configuration list for PBXNativeTarget "OverviewUITests" */;
			buildPhases = (
				165F2AF1227E478F00BCF2CB /* Sources */,
				165F2AF2227E478F00BCF2CB /* Frameworks */,
				165F2AF3227E478F00BCF2CB /* Resources */,
			);
			buildRules = (
			);
			dependencies = (
				165F2AF7227E478F00BCF2CB /* PBXTargetDependency */,
			);
			name = OverviewUITests;
			productName = OverviewUITests;
			productReference = 165F2AF5227E478F00BCF2CB /* OverviewUITests.xctest */;
			productType = "com.apple.product-type.bundle.ui-testing";
		};
/* End PBXNativeTarget section */

/* Begin PBXProject section */
		165F2ACE227E478E00BCF2CB /* Project object */ = {
			isa = PBXProject;
			attributes = {
				LastSwiftUpdateCheck = 1020;
				LastUpgradeCheck = 1020;
				ORGANIZATIONNAME = "Maribel Montejano";
				TargetAttributes = {
					165F2AD5227E478E00BCF2CB = {
						CreatedOnToolsVersion = 10.2;
					};
					165F2AE9227E478F00BCF2CB = {
						CreatedOnToolsVersion = 10.2;
						TestTargetID = 165F2AD5227E478E00BCF2CB;
					};
					165F2AF4227E478F00BCF2CB = {
						CreatedOnToolsVersion = 10.2;
						TestTargetID = 165F2AD5227E478E00BCF2CB;
					};
				};
			};
			buildConfigurationList = 165F2AD1227E478E00BCF2CB /* Build configuration list for PBXProject "Overview" */;
			compatibilityVersion = "Xcode 9.3";
			developmentRegion = en;
			hasScannedForEncodings = 0;
			knownRegions = (
				en,
				Base,
			);
			mainGroup = 165F2ACD227E478E00BCF2CB;
			productRefGroup = 165F2AD7227E478E00BCF2CB /* Products */;
			projectDirPath = "";
			projectRoot = "";
			targets = (
				165F2AD5227E478E00BCF2CB /* Overview */,
				165F2AE9227E478F00BCF2CB /* OverviewTests */,
				165F2AF4227E478F00BCF2CB /* OverviewUITests */,
			);
		};
/* End PBXProject section */

/* Begin PBXResourcesBuildPhase section */
		165F2AD4227E478E00BCF2CB /* Resources */ = {
			isa = PBXResourcesBuildPhase;
			buildActionMask = 2147483647;
			files = (
				165F2AE4227E478F00BCF2CB /* LaunchScreen.storyboard in Resources */,
				165F2AE1227E478F00BCF2CB /* Assets.xcassets in Resources */,
				165F2ADF227E478E00BCF2CB /* Main.storyboard in Resources */,
			);
			runOnlyForDeploymentPostprocessing = 0;
		};
		165F2AE8227E478F00BCF2CB /* Resources */ = {
			isa = PBXResourcesBuildPhase;
			buildActionMask = 2147483647;
			files = (
			);
			runOnlyForDeploymentPostprocessing = 0;
		};
		165F2AF3227E478F00BCF2CB /* Resources */ = {
			isa = PBXResourcesBuildPhase;
			buildActionMask = 2147483647;
			files = (
			);
			runOnlyForDeploymentPostprocessing = 0;
		};
/* End PBXResourcesBuildPhase section */

/* Begin PBXSourcesBuildPhase section */
		165F2AD2227E478E00BCF2CB /* Sources */ = {
			isa = PBXSourcesBuildPhase;
			buildActionMask = 2147483647;
			files = (
				165F2ADC227E478E00BCF2CB /* ViewController.swift in Sources */,
				165F2ADA227E478E00BCF2CB /* AppDelegate.swift in Sources */,
			);
			runOnlyForDeploymentPostprocessing = 0;
		};
		165F2AE6227E478F00BCF2CB /* Sources */ = {
			isa = PBXSourcesBuildPhase;
			buildActionMask = 2147483647;
			files = (
				165F2AEF227E478F00BCF2CB /* OverviewTests.swift in Sources */,
			);
			runOnlyForDeploymentPostprocessing = 0;
		};
		165F2AF1227E478F00BCF2CB /* Sources */ = {
			isa = PBXSourcesBuildPhase;
			buildActionMask = 2147483647;
			files = (
				165F2AFA227E478F00BCF2CB /* OverviewUITests.swift in Sources */,
			);
			runOnlyForDeploymentPostprocessing = 0;
		};
/* End PBXSourcesBuildPhase section */

/* Begin PBXTargetDependency section */
		165F2AEC227E478F00BCF2CB /* PBXTargetDependency */ = {
			isa = PBXTargetDependency;
			target = 165F2AD5227E478E00BCF2CB /* Overview */;
			targetProxy = 165F2AEB227E478F00BCF2CB /* PBXContainerItemProxy */;
		};
		165F2AF7227E478F00BCF2CB /* PBXTargetDependency */ = {
			isa = PBXTargetDependency;
			target = 165F2AD5227E478E00BCF2CB /* Overview */;
			targetProxy = 165F2AF6227E478F00BCF2CB /* PBXContainerItemProxy */;
		};
/* End PBXTargetDependency section */

/* Begin PBXVariantGroup section */
		165F2ADD227E478E00BCF2CB /* Main.storyboard */ = {
			isa = PBXVariantGroup;
			children = (
				165F2ADE227E478E00BCF2CB /* Base */,
			);
			name = Main.storyboard;
			sourceTree = "<group>";
		};
		165F2AE2227E478F00BCF2CB /* LaunchScreen.storyboard */ = {
			isa = PBXVariantGroup;
			children = (
				165F2AE3227E478F00BCF2CB /* Base */,
			);
			name = LaunchScreen.storyboard;
			sourceTree = "<group>";
		};
/* End PBXVariantGroup section */

/* Begin XCBuildConfiguration section */
		165F2AFC227E478F00BCF2CB /* Debug */ = {
			isa = XCBuildConfiguration;
			buildSettings = {
				ALWAYS_SEARCH_USER_PATHS = NO;
				CLANG_ANALYZER_NONNULL = YES;
				CLANG_ANALYZER_NUMBER_OBJECT_CONVERSION = YES_AGGRESSIVE;
				CLANG_CXX_LANGUAGE_STANDARD = "gnu++14";
				CLANG_CXX_LIBRARY = "libc++";
				CLANG_ENABLE_MODULES = YES;
				CLANG_ENABLE_OBJC_ARC = YES;
				CLANG_ENABLE_OBJC_WEAK = YES;
				CLANG_WARN_BLOCK_CAPTURE_AUTORELEASING = YES;
				CLANG_WARN_BOOL_CONVERSION = YES;
				CLANG_WARN_COMMA = YES;
				CLANG_WARN_CONSTANT_CONVERSION = YES;
				CLANG_WARN_DEPRECATED_OBJC_IMPLEMENTATIONS = YES;
				CLANG_WARN_DIRECT_OBJC_ISA_USAGE = YES_ERROR;
				CLANG_WARN_DOCUMENTATION_COMMENTS = YES;
				CLANG_WARN_EMPTY_BODY = YES;
				CLANG_WARN_ENUM_CONVERSION = YES;
				CLANG_WARN_INFINITE_RECURSION = YES;
				CLANG_WARN_INT_CONVERSION = YES;
				CLANG_WARN_NON_LITERAL_NULL_CONVERSION = YES;
				CLANG_WARN_OBJC_IMPLICIT_RETAIN_SELF = YES;
				CLANG_WARN_OBJC_LITERAL_CONVERSION = YES;
				CLANG_WARN_OBJC_ROOT_CLASS = YES_ERROR;
				CLANG_WARN_RANGE_LOOP_ANALYSIS = YES;
				CLANG_WARN_STRICT_PROTOTYPES = YES;
				CLANG_WARN_SUSPICIOUS_MOVE = YES;
				CLANG_WARN_UNGUARDED_AVAILABILITY = YES_AGGRESSIVE;
				CLANG_WARN_UNREACHABLE_CODE = YES;
				CLANG_WARN__DUPLICATE_METHOD_MATCH = YES;
				CODE_SIGN_IDENTITY = "iPhone Developer";
				COPY_PHASE_STRIP = NO;
				DEBUG_INFORMATION_FORMAT = dwarf;
				ENABLE_STRICT_OBJC_MSGSEND = YES;
				ENABLE_TESTABILITY = YES;
				GCC_C_LANGUAGE_STANDARD = gnu11;
				GCC_DYNAMIC_NO_PIC = NO;
				GCC_NO_COMMON_BLOCKS = YES;
				GCC_OPTIMIZATION_LEVEL = 0;
				GCC_PREPROCESSOR_DEFINITIONS = (
					"DEBUG=1",
					"$(inherited)",
				);
				GCC_WARN_64_TO_32_BIT_CONVERSION = YES;
				GCC_WARN_ABOUT_RETURN_TYPE = YES_ERROR;
				GCC_WARN_UNDECLARED_SELECTOR = YES;
				GCC_WARN_UNINITIALIZED_AUTOS = YES_AGGRESSIVE;
				GCC_WARN_UNUSED_FUNCTION = YES;
				GCC_WARN_UNUSED_VARIABLE = YES;
				IPHONEOS_DEPLOYMENT_TARGET = 12.2;
				MTL_ENABLE_DEBUG_INFO = INCLUDE_SOURCE;
				MTL_FAST_MATH = YES;
				ONLY_ACTIVE_ARCH = YES;
				SDKROOT = iphoneos;
				SWIFT_ACTIVE_COMPILATION_CONDITIONS = DEBUG;
				SWIFT_OPTIMIZATION_LEVEL = "-Onone";
			};
			name = Debug;
		};
		165F2AFD227E478F00BCF2CB /* Release */ = {
			isa = XCBuildConfiguration;
			buildSettings = {
				ALWAYS_SEARCH_USER_PATHS = NO;
				CLANG_ANALYZER_NONNULL = YES;
				CLANG_ANALYZER_NUMBER_OBJECT_CONVERSION = YES_AGGRESSIVE;
				CLANG_CXX_LANGUAGE_STANDARD = "gnu++14";
				CLANG_CXX_LIBRARY = "libc++";
				CLANG_ENABLE_MODULES = YES;
				CLANG_ENABLE_OBJC_ARC = YES;
				CLANG_ENABLE_OBJC_WEAK = YES;
				CLANG_WARN_BLOCK_CAPTURE_AUTORELEASING = YES;
				CLANG_WARN_BOOL_CONVERSION = YES;
				CLANG_WARN_COMMA = YES;
				CLANG_WARN_CONSTANT_CONVERSION = YES;
				CLANG_WARN_DEPRECATED_OBJC_IMPLEMENTATIONS = YES;
				CLANG_WARN_DIRECT_OBJC_ISA_USAGE = YES_ERROR;
				CLANG_WARN_DOCUMENTATION_COMMENTS = YES;
				CLANG_WARN_EMPTY_BODY = YES;
				CLANG_WARN_ENUM_CONVERSION = YES;
				CLANG_WARN_INFINITE_RECURSION = YES;
				CLANG_WARN_INT_CONVERSION = YES;
				CLANG_WARN_NON_LITERAL_NULL_CONVERSION = YES;
				CLANG_WARN_OBJC_IMPLICIT_RETAIN_SELF = YES;
				CLANG_WARN_OBJC_LITERAL_CONVERSION = YES;
				CLANG_WARN_OBJC_ROOT_CLASS = YES_ERROR;
				CLANG_WARN_RANGE_LOOP_ANALYSIS = YES;
				CLANG_WARN_STRICT_PROTOTYPES = YES;
				CLANG_WARN_SUSPICIOUS_MOVE = YES;
				CLANG_WARN_UNGUARDED_AVAILABILITY = YES_AGGRESSIVE;
				CLANG_WARN_UNREACHABLE_CODE = YES;
				CLANG_WARN__DUPLICATE_METHOD_MATCH = YES;
				CODE_SIGN_IDENTITY = "iPhone Developer";
				COPY_PHASE_STRIP = NO;
				DEBUG_INFORMATION_FORMAT = "dwarf-with-dsym";
				ENABLE_NS_ASSERTIONS = NO;
				ENABLE_STRICT_OBJC_MSGSEND = YES;
				GCC_C_LANGUAGE_STANDARD = gnu11;
				GCC_NO_COMMON_BLOCKS = YES;
				GCC_WARN_64_TO_32_BIT_CONVERSION = YES;
				GCC_WARN_ABOUT_RETURN_TYPE = YES_ERROR;
				GCC_WARN_UNDECLARED_SELECTOR = YES;
				GCC_WARN_UNINITIALIZED_AUTOS = YES_AGGRESSIVE;
				GCC_WARN_UNUSED_FUNCTION = YES;
				GCC_WARN_UNUSED_VARIABLE = YES;
				IPHONEOS_DEPLOYMENT_TARGET = 12.2;
				MTL_ENABLE_DEBUG_INFO = NO;
				MTL_FAST_MATH = YES;
				SDKROOT = iphoneos;
				SWIFT_COMPILATION_MODE = wholemodule;
				SWIFT_OPTIMIZATION_LEVEL = "-O";
				VALIDATE_PRODUCT = YES;
			};
			name = Release;
		};
		165F2AFF227E478F00BCF2CB /* Debug */ = {
			isa = XCBuildConfiguration;
			buildSettings = {
				ASSETCATALOG_COMPILER_APPICON_NAME = AppIcon;
				CODE_SIGN_STYLE = Automatic;
				DEVELOPMENT_TEAM = VKKZ6JX7SH;
				INFOPLIST_FILE = Overview/Info.plist;
				LD_RUNPATH_SEARCH_PATHS = (
					"$(inherited)",
					"@executable_path/Frameworks",
				);
				PRODUCT_BUNDLE_IDENTIFIER = com.maribelmontejano.Overview;
				PRODUCT_NAME = "$(TARGET_NAME)";
				SWIFT_VERSION = 5.0;
				TARGETED_DEVICE_FAMILY = "1,2";
			};
			name = Debug;
		};
		165F2B00227E478F00BCF2CB /* Release */ = {
			isa = XCBuildConfiguration;
			buildSettings = {
				ASSETCATALOG_COMPILER_APPICON_NAME = AppIcon;
				CODE_SIGN_STYLE = Automatic;
				DEVELOPMENT_TEAM = VKKZ6JX7SH;
				INFOPLIST_FILE = Overview/Info.plist;
				LD_RUNPATH_SEARCH_PATHS = (
					"$(inherited)",
					"@executable_path/Frameworks",
				);
				PRODUCT_BUNDLE_IDENTIFIER = com.maribelmontejano.Overview;
				PRODUCT_NAME = "$(TARGET_NAME)";
				SWIFT_VERSION = 5.0;
				TARGETED_DEVICE_FAMILY = "1,2";
			};
			name = Release;
		};
		165F2B02227E478F00BCF2CB /* Debug */ = {
			isa = XCBuildConfiguration;
			buildSettings = {
				ALWAYS_EMBED_SWIFT_STANDARD_LIBRARIES = YES;
				BUNDLE_LOADER = "$(TEST_HOST)";
				CODE_SIGN_STYLE = Automatic;
				DEVELOPMENT_TEAM = VKKZ6JX7SH;
				INFOPLIST_FILE = OverviewTests/Info.plist;
				LD_RUNPATH_SEARCH_PATHS = (
					"$(inherited)",
					"@executable_path/Frameworks",
					"@loader_path/Frameworks",
				);
				PRODUCT_BUNDLE_IDENTIFIER = com.maribelmontejano.OverviewTests;
				PRODUCT_NAME = "$(TARGET_NAME)";
				SWIFT_VERSION = 5.0;
				TARGETED_DEVICE_FAMILY = "1,2";
				TEST_HOST = "$(BUILT_PRODUCTS_DIR)/Overview.app/Overview";
			};
			name = Debug;
		};
		165F2B03227E478F00BCF2CB /* Release */ = {
			isa = XCBuildConfiguration;
			buildSettings = {
				ALWAYS_EMBED_SWIFT_STANDARD_LIBRARIES = YES;
				BUNDLE_LOADER = "$(TEST_HOST)";
				CODE_SIGN_STYLE = Automatic;
				DEVELOPMENT_TEAM = VKKZ6JX7SH;
				INFOPLIST_FILE = OverviewTests/Info.plist;
				LD_RUNPATH_SEARCH_PATHS = (
					"$(inherited)",
					"@executable_path/Frameworks",
					"@loader_path/Frameworks",
				);
				PRODUCT_BUNDLE_IDENTIFIER = com.maribelmontejano.OverviewTests;
				PRODUCT_NAME = "$(TARGET_NAME)";
				SWIFT_VERSION = 5.0;
				TARGETED_DEVICE_FAMILY = "1,2";
				TEST_HOST = "$(BUILT_PRODUCTS_DIR)/Overview.app/Overview";
			};
			name = Release;
		};
		165F2B05227E478F00BCF2CB /* Debug */ = {
			isa = XCBuildConfiguration;
			buildSettings = {
				ALWAYS_EMBED_SWIFT_STANDARD_LIBRARIES = YES;
				CODE_SIGN_STYLE = Automatic;
				DEVELOPMENT_TEAM = VKKZ6JX7SH;
				INFOPLIST_FILE = OverviewUITests/Info.plist;
				LD_RUNPATH_SEARCH_PATHS = (
					"$(inherited)",
					"@executable_path/Frameworks",
					"@loader_path/Frameworks",
				);
				PRODUCT_BUNDLE_IDENTIFIER = com.maribelmontejano.OverviewUITests;
				PRODUCT_NAME = "$(TARGET_NAME)";
				SWIFT_VERSION = 5.0;
				TARGETED_DEVICE_FAMILY = "1,2";
				TEST_TARGET_NAME = Overview;
			};
			name = Debug;
		};
		165F2B06227E478F00BCF2CB /* Release */ = {
			isa = XCBuildConfiguration;
			buildSettings = {
				ALWAYS_EMBED_SWIFT_STANDARD_LIBRARIES = YES;
				CODE_SIGN_STYLE = Automatic;
				DEVELOPMENT_TEAM = VKKZ6JX7SH;
				INFOPLIST_FILE = OverviewUITests/Info.plist;
				LD_RUNPATH_SEARCH_PATHS = (
					"$(inherited)",
					"@executable_path/Frameworks",
					"@loader_path/Frameworks",
				);
				PRODUCT_BUNDLE_IDENTIFIER = com.maribelmontejano.OverviewUITests;
				PRODUCT_NAME = "$(TARGET_NAME)";
				SWIFT_VERSION = 5.0;
				TARGETED_DEVICE_FAMILY = "1,2";
				TEST_TARGET_NAME = Overview;
			};
			name = Release;
		};
/* End XCBuildConfiguration section */

/* Begin XCConfigurationList section */
		165F2AD1227E478E00BCF2CB /* Build configuration list for PBXProject "Overview" */ = {
			isa = XCConfigurationList;
			buildConfigurations = (
				165F2AFC227E478F00BCF2CB /* Debug */,
				165F2AFD227E478F00BCF2CB /* Release */,
			);
			defaultConfigurationIsVisible = 0;
			defaultConfigurationName = Release;
		};
		165F2AFE227E478F00BCF2CB /* Build configuration list for PBXNativeTarget "Overview" */ = {
			isa = XCConfigurationList;
			buildConfigurations = (
				165F2AFF227E478F00BCF2CB /* Debug */,
				165F2B00227E478F00BCF2CB /* Release */,
			);
			defaultConfigurationIsVisible = 0;
			defaultConfigurationName = Release;
		};
		165F2B01227E478F00BCF2CB /* Build configuration list for PBXNativeTarget "OverviewTests" */ = {
			isa = XCConfigurationList;
			buildConfigurations = (
				165F2B02227E478F00BCF2CB /* Debug */,
				165F2B03227E478F00BCF2CB /* Release */,
			);
			defaultConfigurationIsVisible = 0;
			defaultConfigurationName = Release;
		};
		165F2B04227E478F00BCF2CB /* Build configuration list for PBXNativeTarget "OverviewUITests" */ = {
			isa = XCConfigurationList;
			buildConfigurations = (
				165F2B05227E478F00BCF2CB /* Debug */,
				165F2B06227E478F00BCF2CB /* Release */,
			);
			defaultConfigurationIsVisible = 0;
			defaultConfigurationName = Release;
		};
/* End XCConfigurationList section */
	};
	rootObject = 165F2ACE227E478E00BCF2CB /* Project object */;
}
